
Microsoft Visual Studio Solution File, Format Version 12.00
# Visual Studio Version 17
VisualStudioVersion = 17.8.34112.27
MinimumVisualStudioVersion = 10.0.40219.1
Project("{FAE04EC0-301F-11D3-BF4B-00C04F79EFBC}") = "NewBackgroundOptions", "NewBackgroundOptions\NewBackgroundOptions.csproj", "{CBF73432-76AE-4A28-BB88-0E56D3A9BBB9}"
EndProject
Global
	GlobalSection(SolutionConfigurationPlatforms) = preSolution
		Debug|Any CPU = Debug|Any CPU
		Release|Any CPU = Release|Any CPU
	EndGlobalSection
	GlobalSection(ProjectConfigurationPlatforms) = postSolution
		{CBF73432-76AE-4A28-BB88-0E56D3A9BBB9}.Debug|Any CPU.ActiveCfg = Debug|Any CPU
		{CBF73432-76AE-4A28-BB88-0E56D3A9BBB9}.Debug|Any CPU.Build.0 = Debug|Any CPU
		{CBF73432-76AE-4A28-BB88-0E56D3A9BBB9}.Release|Any CPU.ActiveCfg = Release|Any CPU
		{CBF73432-76AE-4A28-BB88-0E56D3A9BBB9}.Release|Any CPU.Build.0 = Release|Any CPU
	EndGlobalSection
	GlobalSection(SolutionProperties) = preSolution
		HideSolutionNode = FALSE
	EndGlobalSection
	GlobalSection(ExtensibilityGlobals) = postSolution
		SolutionGuid = {93CDF04C-6294-46D4-B39F-35E12BCB37A3}
	EndGlobalSection
EndGlobal
