
Microsoft Visual Studio Solution File, Format Version 12.00
# Visual Studio Version 17
VisualStudioVersion = 17.8.34309.116
MinimumVisualStudioVersion = 10.0.40219.1
Project("{FAE04EC0-301F-11D3-BF4B-00C04F79EFBC}") = "SampleMauiApp", "SampleMauiApp\SampleMauiApp.csproj", "{CE66609E-0192-4375-95E7-1B7E58F4C954}"
EndProject
Global
	GlobalSection(SolutionConfigurationPlatforms) = preSolution
		Debug|Any CPU = Debug|Any CPU
		Release|Any CPU = Release|Any CPU
	EndGlobalSection
	GlobalSection(ProjectConfigurationPlatforms) = postSolution
		{CE66609E-0192-4375-95E7-1B7E58F4C954}.Debug|Any CPU.ActiveCfg = Debug|Any CPU
		{CE66609E-0192-4375-95E7-1B7E58F4C954}.Debug|Any CPU.Build.0 = Debug|Any CPU
		{CE66609E-0192-4375-95E7-1B7E58F4C954}.Debug|Any CPU.Deploy.0 = Debug|Any CPU
		{CE66609E-0192-4375-95E7-1B7E58F4C954}.Release|Any CPU.ActiveCfg = Release|Any CPU
		{CE66609E-0192-4375-95E7-1B7E58F4C954}.Release|Any CPU.Build.0 = Release|Any CPU
		{CE66609E-0192-4375-95E7-1B7E58F4C954}.Release|Any CPU.Deploy.0 = Release|Any CPU
	EndGlobalSection
	GlobalSection(SolutionProperties) = preSolution
		HideSolutionNode = FALSE
	EndGlobalSection
	GlobalSection(ExtensibilityGlobals) = postSolution
		SolutionGuid = {379E9492-096B-4098-94B0-C4DEF79F95EA}
	EndGlobalSection
EndGlobal
